{
  "version": 4,
  "terraform_version": "1.8.4",
  "serial": 28,
  "lineage": "32e705e0-f763-6372-e68d-bbe0cbf03af1",
  "outputs": {},
  "resources": [
    {
      "mode": "managed",
      "type": "lxd_network",
      "name": "wifi1",
      "provider": "provider[\"registry.terraform.io/terraform-lxd/lxd\"]",
      "instances": [
        {
          "schema_version": 0,
          "attributes": {
            "config": {
              "parent": "ens192"
            },
            "description": "",
            "managed": true,
            "name": "wifi1",
            "project": null,
            "remote": "lxd_host_1",
            "target": null,
            "type": "physical"
          },
          "sensitive_attributes": []
        }
      ]
    },
    {
      "mode": "managed",
      "type": "lxd_network",
      "name": "wifi2",
      "provider": "provider[\"registry.terraform.io/terraform-lxd/lxd\"]",
      "instances": [
        {
          "schema_version": 0,
          "attributes": {
            "config": {
              "parent": "ens224"
            },
            "description": "",
            "managed": true,
            "name": "wifi2",
            "project": null,
            "remote": "lxd_host_1",
            "target": null,
            "type": "physical"
          },
          "sensitive_attributes": []
        }
      ]
    },
    {
      "mode": "managed",
      "type": "lxd_network",
      "name": "wifi3",
      "provider": "provider[\"registry.terraform.io/terraform-lxd/lxd\"]",
      "instances": [
        {
          "schema_version": 0,
          "attributes": {
            "config": {
              "parent": "ens256"
            },
            "description": "",
            "managed": true,
            "name": "wifi3",
            "project": null,
            "remote": "lxd_host_1",
            "target": null,
            "type": "physical"
          },
          "sensitive_attributes": []
        }
      ]
    }
  ],
  "check_results": null
}
