{
  "version": 4,
  "terraform_version": "1.8.4",
  "serial": 32,
  "lineage": "32e705e0-f763-6372-e68d-bbe0cbf03af1",
  "outputs": {},
  "resources": [
    {
      "mode": "managed",
      "type": "lxd_instance",
      "name": "wifi_client_1",
      "provider": "provider[\"registry.terraform.io/terraform-lxd/lxd\"]",
      "instances": [
        {
          "schema_version": 0,
          "attributes": {
            "config": {
              "boot.autostart": "true"
            },
            "description": "",
            "device": [
              {
                "name": "wifi1",
                "properties": {
                  "network": "wifi1"
                },
                "type": "nic"
              }
            ],
            "ephemeral": false,
            "execs": null,
            "file": [],
            "image": "ubuntu-daily:22.04",
            "interfaces": {
              "eth0": {
                "ips": [
                  {
                    "address": "10.55.237.207",
                    "family": "inet",
                    "scope": "global"
                  },
                  {
                    "address": "fd42:dcd6:eceb:33ed:216:3eff:fed0:5913",
                    "family": "inet6",
                    "scope": "global"
                  },
                  {
                    "address": "fe80::216:3eff:fed0:5913",
                    "family": "inet6",
                    "scope": "link"
                  }
                ],
                "name": "eth0",
                "state": "up",
                "type": "broadcast"
              },
              "wifi1": {
                "ips": [
                  {
                    "address": "fe80::250:56ff:fea9:26f2",
                    "family": "inet6",
                    "scope": "link"
                  }
                ],
                "name": "eth1",
                "state": "up",
                "type": "broadcast"
              }
            },
            "ipv4_address": "10.55.237.207",
            "ipv6_address": "fd42:dcd6:eceb:33ed:216:3eff:fed0:5913",
            "limits": {},
            "mac_address": "00:16:3e:d0:59:13",
            "name": "wifi-client-1",
            "profiles": [
              "default"
            ],
            "project": null,
            "remote": "lxd_host_1",
            "running": true,
            "status": "Running",
            "target": "",
            "timeouts": null,
            "type": "container",
            "wait_for_network": true
          },
          "sensitive_attributes": [],
          "dependencies": [
            "lxd_network.wifi1",
            "lxd_network.wifi2",
            "lxd_network.wifi3"
          ]
        }
      ]
    },
    {
      "mode": "managed",
      "type": "lxd_instance",
      "name": "wifi_client_2",
      "provider": "provider[\"registry.terraform.io/terraform-lxd/lxd\"]",
      "instances": [
        {
          "schema_version": 0,
          "attributes": {
            "config": {
              "boot.autostart": "true"
            },
            "description": "",
            "device": [
              {
                "name": "wifi2",
                "properties": {
                  "network": "wifi2"
                },
                "type": "nic"
              }
            ],
            "ephemeral": false,
            "execs": null,
            "file": [],
            "image": "ubuntu-daily:22.04",
            "interfaces": {
              "eth0": {
                "ips": [
                  {
                    "address": "10.55.237.189",
                    "family": "inet",
                    "scope": "global"
                  },
                  {
                    "address": "fd42:dcd6:eceb:33ed:216:3eff:fedf:fc11",
                    "family": "inet6",
                    "scope": "global"
                  },
                  {
                    "address": "fe80::216:3eff:fedf:fc11",
                    "family": "inet6",
                    "scope": "link"
                  }
                ],
                "name": "eth0",
                "state": "up",
                "type": "broadcast"
              },
              "wifi2": {
                "ips": [
                  {
                    "address": "fe80::250:56ff:fea9:4db8",
                    "family": "inet6",
                    "scope": "link"
                  }
                ],
                "name": "eth1",
                "state": "up",
                "type": "broadcast"
              }
            },
            "ipv4_address": "10.55.237.189",
            "ipv6_address": "fd42:dcd6:eceb:33ed:216:3eff:fedf:fc11",
            "limits": {},
            "mac_address": "00:16:3e:df:fc:11",
            "name": "wifi-client-2",
            "profiles": [
              "default"
            ],
            "project": null,
            "remote": "lxd_host_1",
            "running": true,
            "status": "Running",
            "target": "",
            "timeouts": null,
            "type": "container",
            "wait_for_network": true
          },
          "sensitive_attributes": [],
          "dependencies": [
            "lxd_network.wifi1",
            "lxd_network.wifi2",
            "lxd_network.wifi3"
          ]
        }
      ]
    },
    {
      "mode": "managed",
      "type": "lxd_instance",
      "name": "wifi_client_3",
      "provider": "provider[\"registry.terraform.io/terraform-lxd/lxd\"]",
      "instances": [
        {
          "schema_version": 0,
          "attributes": {
            "config": {
              "boot.autostart": "true"
            },
            "description": "",
            "device": [
              {
                "name": "wifi3",
                "properties": {
                  "network": "wifi3"
                },
                "type": "nic"
              }
            ],
            "ephemeral": false,
            "execs": null,
            "file": [],
            "image": "ubuntu-daily:22.04",
            "interfaces": {
              "eth0": {
                "ips": [
                  {
                    "address": "10.55.237.135",
                    "family": "inet",
                    "scope": "global"
                  },
                  {
                    "address": "fd42:dcd6:eceb:33ed:216:3eff:feb6:f686",
                    "family": "inet6",
                    "scope": "global"
                  },
                  {
                    "address": "fe80::216:3eff:feb6:f686",
                    "family": "inet6",
                    "scope": "link"
                  }
                ],
                "name": "eth0",
                "state": "up",
                "type": "broadcast"
              },
              "wifi3": {
                "ips": [
                  {
                    "address": "fe80::250:56ff:fea9:8d70",
                    "family": "inet6",
                    "scope": "link"
                  }
                ],
                "name": "eth1",
                "state": "up",
                "type": "broadcast"
              }
            },
            "ipv4_address": "10.55.237.135",
            "ipv6_address": "fd42:dcd6:eceb:33ed:216:3eff:feb6:f686",
            "limits": {},
            "mac_address": "00:16:3e:b6:f6:86",
            "name": "wifi-client-3",
            "profiles": [
              "default"
            ],
            "project": null,
            "remote": "lxd_host_1",
            "running": true,
            "status": "Running",
            "target": "",
            "timeouts": null,
            "type": "container",
            "wait_for_network": true
          },
          "sensitive_attributes": [],
          "dependencies": [
            "lxd_network.wifi1",
            "lxd_network.wifi2",
            "lxd_network.wifi3"
          ]
        }
      ]
    },
    {
      "mode": "managed",
      "type": "lxd_network",
      "name": "wifi1",
      "provider": "provider[\"registry.terraform.io/terraform-lxd/lxd\"]",
      "instances": [
        {
          "schema_version": 0,
          "attributes": {
            "config": {
              "parent": "ens192"
            },
            "description": "",
            "managed": true,
            "name": "wifi1",
            "project": null,
            "remote": "lxd_host_1",
            "target": null,
            "type": "physical"
          },
          "sensitive_attributes": []
        }
      ]
    },
    {
      "mode": "managed",
      "type": "lxd_network",
      "name": "wifi2",
      "provider": "provider[\"registry.terraform.io/terraform-lxd/lxd\"]",
      "instances": [
        {
          "schema_version": 0,
          "attributes": {
            "config": {
              "parent": "ens224"
            },
            "description": "",
            "managed": true,
            "name": "wifi2",
            "project": null,
            "remote": "lxd_host_1",
            "target": null,
            "type": "physical"
          },
          "sensitive_attributes": []
        }
      ]
    },
    {
      "mode": "managed",
      "type": "lxd_network",
      "name": "wifi3",
      "provider": "provider[\"registry.terraform.io/terraform-lxd/lxd\"]",
      "instances": [
        {
          "schema_version": 0,
          "attributes": {
            "config": {
              "parent": "ens256"
            },
            "description": "",
            "managed": true,
            "name": "wifi3",
            "project": null,
            "remote": "lxd_host_1",
            "target": null,
            "type": "physical"
          },
          "sensitive_attributes": []
        }
      ]
    }
  ],
  "check_results": null
}
